# This file is automatically @generated by Cargo.
# It is not intended for manual editing.
[[package]]
name = "capstone"
version = "0.6.0"
source = "registry+https://github.com/rust-lang/crates.io-index"
checksum = "031ba51c39151a1d6336ec859646153187204b0147c7b3f6fe2de636f1b8dbb3"
dependencies = [
 "capstone-sys",
]

[[package]]
name = "capstone-sys"
version = "0.10.0"
source = "registry+https://github.com/rust-lang/crates.io-index"
checksum = "fae25eddcb80e24f98c35952c37a91ff7f8d0f60dbbdafb9763e8d5cc566b8d7"
dependencies = [
 "cc",
]

[[package]]
name = "cc"
version = "1.0.50"
source = "registry+https://github.com/rust-lang/crates.io-index"
checksum = "95e28fa049fda1c330bcf9d723be7663a899c4679724b34c81e9f5a326aab8cd"

[[package]]
name = "macho"
version = "0.4.1"
source = "registry+https://github.com/rust-lang/crates.io-index"
checksum = "6febc6e2fc6e59ce078ff24136a624b00ebbc3a4c7178fab55ab592a930c3704"
dependencies = [
 "nom",
 "uuid",
]

[[package]]
name = "nom"
version = "1.2.4"
source = "registry+https://github.com/rust-lang/crates.io-index"
checksum = "a5b8c256fd9471521bcb84c3cdba98921497f1a331cbc15b8030fc63b82050ce"

[[package]]
name = "rustyrop"
version = "0.1.0"
dependencies = [
 "capstone",
 "macho",
]

[[package]]
name = "uuid"
version = "0.3.1"
source = "registry+https://github.com/rust-lang/crates.io-index"
checksum = "1a9ff57156caf7e22f37baf3c9d8f6ce8194842c23419dafcb0716024514d162"
